
Microsoft Visual Studio Solution File, Format Version 12.00
# Visual Studio 15
VisualStudioVersion = 15.0.27130.2027
MinimumVisualStudioVersion = 10.0.40219.1
Project("{FAE04EC0-301F-11D3-BF4B-00C04F79EFBC}") = "SimpleInterface", "SimpleInterface\SimpleInterface.csproj", "{A98C17BB-B8E1-40A2-98D8-3201521ED532}"
EndProject
Global
	GlobalSection(SolutionConfigurationPlatforms) = preSolution
		Debug|Any CPU = Debug|Any CPU
		Release|Any CPU = Release|Any CPU
	EndGlobalSection
	GlobalSection(ProjectConfigurationPlatforms) = postSolution
		{A98C17BB-B8E1-40A2-98D8-3201521ED532}.Debug|Any CPU.ActiveCfg = Debug|Any CPU
		{A98C17BB-B8E1-40A2-98D8-3201521ED532}.Debug|Any CPU.Build.0 = Debug|Any CPU
		{A98C17BB-B8E1-40A2-98D8-3201521ED532}.Release|Any CPU.ActiveCfg = Release|Any CPU
		{A98C17BB-B8E1-40A2-98D8-3201521ED532}.Release|Any CPU.Build.0 = Release|Any CPU
	EndGlobalSection
	GlobalSection(SolutionProperties) = preSolution
		HideSolutionNode = FALSE
	EndGlobalSection
	GlobalSection(ExtensibilityGlobals) = postSolution
		SolutionGuid = {F4E17DAC-5D84-497F-AEFC-9DFFE6526730}
	EndGlobalSection
EndGlobal
